// !$*UTF8*$!
{
	archiveVersion = 1;
	classes = {
	};
	objectVersion = 56;
	objects = {

/* Begin PBXBuildFile section */
		92B6068E2C1A0C1B00A73C1B /* AirbnbTutorialApp.swift in Sources */ = {isa = PBXBuildFile; fileRef = 92B6068D2C1A0C1B00A73C1B /* AirbnbTutorialApp.swift */; };
		92B606902C1A0C1B00A73C1B /* ContentView.swift in Sources */ = {isa = PBXBuildFile; fileRef = 92B6068F2C1A0C1B00A73C1B /* ContentView.swift */; };
		92B606922C1A0C1D00A73C1B /* Assets.xcassets in Resources */ = {isa = PBXBuildFile; fileRef = 92B606912C1A0C1D00A73C1B /* Assets.xcassets */; };
		92B606952C1A0C1D00A73C1B /* Preview Assets.xcassets in Resources */ = {isa = PBXBuildFile; fileRef = 92B606942C1A0C1D00A73C1B /* Preview Assets.xcassets */; };
		92B606A82C1A0D0E00A73C1B /* ExploreView.swift in Sources */ = {isa = PBXBuildFile; fileRef = 92B606A72C1A0D0E00A73C1B /* ExploreView.swift */; };
		92B606AA2C1A0E2800A73C1B /* ListingItemView.swift in Sources */ = {isa = PBXBuildFile; fileRef = 92B606A92C1A0E2800A73C1B /* ListingItemView.swift */; };
		92B606AC2C1A133400A73C1B /* SearchAndFilterBar.swift in Sources */ = {isa = PBXBuildFile; fileRef = 92B606AB2C1A133400A73C1B /* SearchAndFilterBar.swift */; };
		92B606AE2C1A16AE00A73C1B /* ListingDetailView.swift in Sources */ = {isa = PBXBuildFile; fileRef = 92B606AD2C1A16AE00A73C1B /* ListingDetailView.swift */; };
		92B606B12C1A171A00A73C1B /* ListingImageCarouselView.swift in Sources */ = {isa = PBXBuildFile; fileRef = 92B606B02C1A171A00A73C1B /* ListingImageCarouselView.swift */; };
		92B606B32C1A22BF00A73C1B /* DestinationSearchView.swift in Sources */ = {isa = PBXBuildFile; fileRef = 92B606B22C1A22BF00A73C1B /* DestinationSearchView.swift */; };
/* End PBXBuildFile section */

/* Begin PBXFileReference section */
		92B6068A2C1A0C1B00A73C1B /* AirbnbTutorial.app */ = {isa = PBXFileReference; explicitFileType = wrapper.application; includeInIndex = 0; path = AirbnbTutorial.app; sourceTree = BUILT_PRODUCTS_DIR; };
		92B6068D2C1A0C1B00A73C1B /* AirbnbTutorialApp.swift */ = {isa = PBXFileReference; lastKnownFileType = sourcecode.swift; path = AirbnbTutorialApp.swift; sourceTree = "<group>"; };
		92B6068F2C1A0C1B00A73C1B /* ContentView.swift */ = {isa = PBXFileReference; lastKnownFileType = sourcecode.swift; path = ContentView.swift; sourceTree = "<group>"; };
		92B606912C1A0C1D00A73C1B /* Assets.xcassets */ = {isa = PBXFileReference; lastKnownFileType = folder.assetcatalog; path = Assets.xcassets; sourceTree = "<group>"; };
		92B606942C1A0C1D00A73C1B /* Preview Assets.xcassets */ = {isa = PBXFileReference; lastKnownFileType = folder.assetcatalog; path = "Preview Assets.xcassets"; sourceTree = "<group>"; };
		92B606A72C1A0D0E00A73C1B /* ExploreView.swift */ = {isa = PBXFileReference; lastKnownFileType = sourcecode.swift; path = ExploreView.swift; sourceTree = "<group>"; };
		92B606A92C1A0E2800A73C1B /* ListingItemView.swift */ = {isa = PBXFileReference; lastKnownFileType = sourcecode.swift; path = ListingItemView.swift; sourceTree = "<group>"; };
		92B606AB2C1A133400A73C1B /* SearchAndFilterBar.swift */ = {isa = PBXFileReference; lastKnownFileType = sourcecode.swift; path = SearchAndFilterBar.swift; sourceTree = "<group>"; };
		92B606AD2C1A16AE00A73C1B /* ListingDetailView.swift */ = {isa = PBXFileReference; lastKnownFileType = sourcecode.swift; path = ListingDetailView.swift; sourceTree = "<group>"; };
		92B606B02C1A171A00A73C1B /* ListingImageCarouselView.swift */ = {isa = PBXFileReference; lastKnownFileType = sourcecode.swift; path = ListingImageCarouselView.swift; sourceTree = "<group>"; };
		92B606B22C1A22BF00A73C1B /* DestinationSearchView.swift */ = {isa = PBXFileReference; lastKnownFileType = sourcecode.swift; path = DestinationSearchView.swift; sourceTree = "<group>"; };
/* End PBXFileReference section */

/* Begin PBXFrameworksBuildPhase section */
		92B606872C1A0C1B00A73C1B /* Frameworks */ = {
			isa = PBXFrameworksBuildPhase;
			buildActionMask = 2147483647;
			files = (
			);
			runOnlyForDeploymentPostprocessing = 0;
		};
/* End PBXFrameworksBuildPhase section */

/* Begin PBXGroup section */
		92B606812C1A0C1B00A73C1B = {
			isa = PBXGroup;
			children = (
				92B6068C2C1A0C1B00A73C1B /* AirbnbTutorial */,
				92B6068B2C1A0C1B00A73C1B /* Products */,
			);
			sourceTree = "<group>";
		};
		92B6068B2C1A0C1B00A73C1B /* Products */ = {
			isa = PBXGroup;
			children = (
				92B6068A2C1A0C1B00A73C1B /* AirbnbTutorial.app */,
			);
			name = Products;
			sourceTree = "<group>";
		};
		92B6068C2C1A0C1B00A73C1B /* AirbnbTutorial */ = {
			isa = PBXGroup;
			children = (
				92B6069B2C1A0C4800A73C1B /* App */,
				92B6069C2C1A0C5500A73C1B /* Core */,
				92B6069D2C1A0C5A00A73C1B /* Extensions */,
				92B6069E2C1A0C6200A73C1B /* Models */,
				92B6069F2C1A0C6900A73C1B /* Utils */,
				92B6068F2C1A0C1B00A73C1B /* ContentView.swift */,
				92B606912C1A0C1D00A73C1B /* Assets.xcassets */,
				92B606932C1A0C1D00A73C1B /* Preview Content */,
			);
			path = AirbnbTutorial;
			sourceTree = "<group>";
		};
		92B606932C1A0C1D00A73C1B /* Preview Content */ = {
			isa = PBXGroup;
			children = (
				92B606942C1A0C1D00A73C1B /* Preview Assets.xcassets */,
			);
			path = "Preview Content";
			sourceTree = "<group>";
		};
		92B6069B2C1A0C4800A73C1B /* App */ = {
			isa = PBXGroup;
			children = (
				92B6068D2C1A0C1B00A73C1B /* AirbnbTutorialApp.swift */,
			);
			path = App;
			sourceTree = "<group>";
		};
		92B6069C2C1A0C5500A73C1B /* Core */ = {
			isa = PBXGroup;
			children = (
				92B606AF2C1A16FA00A73C1B /* Components */,
				92B606A02C1A0C8A00A73C1B /* Explore */,
				92B606A12C1A0C8F00A73C1B /* Listings */,
				92B606A22C1A0C9600A73C1B /* MapView */,
				92B606A32C1A0C9C00A73C1B /* Profile */,
				92B606A42C1A0CA200A73C1B /* Root */,
				92B606A52C1A0CAC00A73C1B /* TabBar */,
				92B606A62C1A0CB300A73C1B /* Wishlists */,
			);
			path = Core;
			sourceTree = "<group>";
		};
		92B6069D2C1A0C5A00A73C1B /* Extensions */ = {
			isa = PBXGroup;
			children = (
			);
			path = Extensions;
			sourceTree = "<group>";
		};
		92B6069E2C1A0C6200A73C1B /* Models */ = {
			isa = PBXGroup;
			children = (
			);
			path = Models;
			sourceTree = "<group>";
		};
		92B6069F2C1A0C6900A73C1B /* Utils */ = {
			isa = PBXGroup;
			children = (
			);
			path = Utils;
			sourceTree = "<group>";
		};
		92B606A02C1A0C8A00A73C1B /* Explore */ = {
			isa = PBXGroup;
			children = (
				92B606A72C1A0D0E00A73C1B /* ExploreView.swift */,
				92B606AB2C1A133400A73C1B /* SearchAndFilterBar.swift */,
				92B606B22C1A22BF00A73C1B /* DestinationSearchView.swift */,
			);
			path = Explore;
			sourceTree = "<group>";
		};
		92B606A12C1A0C8F00A73C1B /* Listings */ = {
			isa = PBXGroup;
			children = (
				92B606A92C1A0E2800A73C1B /* ListingItemView.swift */,
				92B606AD2C1A16AE00A73C1B /* ListingDetailView.swift */,
			);
			path = Listings;
			sourceTree = "<group>";
		};
		92B606A22C1A0C9600A73C1B /* MapView */ = {
			isa = PBXGroup;
			children = (
			);
			path = MapView;
			sourceTree = "<group>";
		};
		92B606A32C1A0C9C00A73C1B /* Profile */ = {
			isa = PBXGroup;
			children = (
			);
			path = Profile;
			sourceTree = "<group>";
		};
		92B606A42C1A0CA200A73C1B /* Root */ = {
			isa = PBXGroup;
			children = (
			);
			path = Root;
			sourceTree = "<group>";
		};
		92B606A52C1A0CAC00A73C1B /* TabBar */ = {
			isa = PBXGroup;
			children = (
			);
			path = TabBar;
			sourceTree = "<group>";
		};
		92B606A62C1A0CB300A73C1B /* Wishlists */ = {
			isa = PBXGroup;
			children = (
			);
			path = Wishlists;
			sourceTree = "<group>";
		};
		92B606AF2C1A16FA00A73C1B /* Components */ = {
			isa = PBXGroup;
			children = (
				92B606B02C1A171A00A73C1B /* ListingImageCarouselView.swift */,
			);
			path = Components;
			sourceTree = "<group>";
		};
/* End PBXGroup section */

/* Begin PBXNativeTarget section */
		92B606892C1A0C1B00A73C1B /* AirbnbTutorial */ = {
			isa = PBXNativeTarget;
			buildConfigurationList = 92B606982C1A0C1D00A73C1B /* Build configuration list for PBXNativeTarget "AirbnbTutorial" */;
			buildPhases = (
				92B606862C1A0C1B00A73C1B /* Sources */,
				92B606872C1A0C1B00A73C1B /* Frameworks */,
				92B606882C1A0C1B00A73C1B /* Resources */,
			);
			buildRules = (
			);
			dependencies = (
			);
			name = AirbnbTutorial;
			productName = AirbnbTutorial;
			productReference = 92B6068A2C1A0C1B00A73C1B /* AirbnbTutorial.app */;
			productType = "com.apple.product-type.application";
		};
/* End PBXNativeTarget section */

/* Begin PBXProject section */
		92B606822C1A0C1B00A73C1B /* Project object */ = {
			isa = PBXProject;
			attributes = {
				BuildIndependentTargetsInParallel = 1;
				LastSwiftUpdateCheck = 1530;
				LastUpgradeCheck = 1530;
				TargetAttributes = {
					92B606892C1A0C1B00A73C1B = {
						CreatedOnToolsVersion = 15.3;
					};
				};
			};
			buildConfigurationList = 92B606852C1A0C1B00A73C1B /* Build configuration list for PBXProject "AirbnbTutorial" */;
			compatibilityVersion = "Xcode 14.0";
			developmentRegion = en;
			hasScannedForEncodings = 0;
			knownRegions = (
				en,
				Base,
			);
			mainGroup = 92B606812C1A0C1B00A73C1B;
			productRefGroup = 92B6068B2C1A0C1B00A73C1B /* Products */;
			projectDirPath = "";
			projectRoot = "";
			targets = (
				92B606892C1A0C1B00A73C1B /* AirbnbTutorial */,
			);
		};
/* End PBXProject section */

/* Begin PBXResourcesBuildPhase section */
		92B606882C1A0C1B00A73C1B /* Resources */ = {
			isa = PBXResourcesBuildPhase;
			buildActionMask = 2147483647;
			files = (
				92B606952C1A0C1D00A73C1B /* Preview Assets.xcassets in Resources */,
				92B606922C1A0C1D00A73C1B /* Assets.xcassets in Resources */,
			);
			runOnlyForDeploymentPostprocessing = 0;
		};
/* End PBXResourcesBuildPhase section */

/* Begin PBXSourcesBuildPhase section */
		92B606862C1A0C1B00A73C1B /* Sources */ = {
			isa = PBXSourcesBuildPhase;
			buildActionMask = 2147483647;
			files = (
				92B606B12C1A171A00A73C1B /* ListingImageCarouselView.swift in Sources */,
				92B606B32C1A22BF00A73C1B /* DestinationSearchView.swift in Sources */,
				92B606902C1A0C1B00A73C1B /* ContentView.swift in Sources */,
				92B606AA2C1A0E2800A73C1B /* ListingItemView.swift in Sources */,
				92B606A82C1A0D0E00A73C1B /* ExploreView.swift in Sources */,
				92B606AC2C1A133400A73C1B /* SearchAndFilterBar.swift in Sources */,
				92B606AE2C1A16AE00A73C1B /* ListingDetailView.swift in Sources */,
				92B6068E2C1A0C1B00A73C1B /* AirbnbTutorialApp.swift in Sources */,
			);
			runOnlyForDeploymentPostprocessing = 0;
		};
/* End PBXSourcesBuildPhase section */

/* Begin XCBuildConfiguration section */
		92B606962C1A0C1D00A73C1B /* Debug */ = {
			isa = XCBuildConfiguration;
			buildSettings = {
				ALWAYS_SEARCH_USER_PATHS = NO;
				ASSETCATALOG_COMPILER_GENERATE_SWIFT_ASSET_SYMBOL_EXTENSIONS = YES;
				CLANG_ANALYZER_NONNULL = YES;
				CLANG_ANALYZER_NUMBER_OBJECT_CONVERSION = YES_AGGRESSIVE;
				CLANG_CXX_LANGUAGE_STANDARD = "gnu++20";
				CLANG_ENABLE_MODULES = YES;
				CLANG_ENABLE_OBJC_ARC = YES;
				CLANG_ENABLE_OBJC_WEAK = YES;
				CLANG_WARN_BLOCK_CAPTURE_AUTORELEASING = YES;
				CLANG_WARN_BOOL_CONVERSION = YES;
				CLANG_WARN_COMMA = YES;
				CLANG_WARN_CONSTANT_CONVERSION = YES;
				CLANG_WARN_DEPRECATED_OBJC_IMPLEMENTATIONS = YES;
				CLANG_WARN_DIRECT_OBJC_ISA_USAGE = YES_ERROR;
				CLANG_WARN_DOCUMENTATION_COMMENTS = YES;
				CLANG_WARN_EMPTY_BODY = YES;
				CLANG_WARN_ENUM_CONVERSION = YES;
				CLANG_WARN_INFINITE_RECURSION = YES;
				CLANG_WARN_INT_CONVERSION = YES;
				CLANG_WARN_NON_LITERAL_NULL_CONVERSION = YES;
				CLANG_WARN_OBJC_IMPLICIT_RETAIN_SELF = YES;
				CLANG_WARN_OBJC_LITERAL_CONVERSION = YES;
				CLANG_WARN_OBJC_ROOT_CLASS = YES_ERROR;
				CLANG_WARN_QUOTED_INCLUDE_IN_FRAMEWORK_HEADER = YES;
				CLANG_WARN_RANGE_LOOP_ANALYSIS = YES;
				CLANG_WARN_STRICT_PROTOTYPES = YES;
				CLANG_WARN_SUSPICIOUS_MOVE = YES;
				CLANG_WARN_UNGUARDED_AVAILABILITY = YES_AGGRESSIVE;
				CLANG_WARN_UNREACHABLE_CODE = YES;
				CLANG_WARN__DUPLICATE_METHOD_MATCH = YES;
				COPY_PHASE_STRIP = NO;
				DEBUG_INFORMATION_FORMAT = dwarf;
				ENABLE_STRICT_OBJC_MSGSEND = YES;
				ENABLE_TESTABILITY = YES;
				ENABLE_USER_SCRIPT_SANDBOXING = YES;
				GCC_C_LANGUAGE_STANDARD = gnu17;
				GCC_DYNAMIC_NO_PIC = NO;
				GCC_NO_COMMON_BLOCKS = YES;
				GCC_OPTIMIZATION_LEVEL = 0;
				GCC_PREPROCESSOR_DEFINITIONS = (
					"DEBUG=1",
					"$(inherited)",
				);
				GCC_WARN_64_TO_32_BIT_CONVERSION = YES;
				GCC_WARN_ABOUT_RETURN_TYPE = YES_ERROR;
				GCC_WARN_UNDECLARED_SELECTOR = YES;
				GCC_WARN_UNINITIALIZED_AUTOS = YES_AGGRESSIVE;
				GCC_WARN_UNUSED_FUNCTION = YES;
				GCC_WARN_UNUSED_VARIABLE = YES;
				IPHONEOS_DEPLOYMENT_TARGET = 17.4;
				LOCALIZATION_PREFERS_STRING_CATALOGS = YES;
				MTL_ENABLE_DEBUG_INFO = INCLUDE_SOURCE;
				MTL_FAST_MATH = YES;
				ONLY_ACTIVE_ARCH = YES;
				SDKROOT = iphoneos;
				SWIFT_ACTIVE_COMPILATION_CONDITIONS = "DEBUG $(inherited)";
				SWIFT_OPTIMIZATION_LEVEL = "-Onone";
			};
			name = Debug;
		};
		92B606972C1A0C1D00A73C1B /* Release */ = {
			isa = XCBuildConfiguration;
			buildSettings = {
				ALWAYS_SEARCH_USER_PATHS = NO;
				ASSETCATALOG_COMPILER_GENERATE_SWIFT_ASSET_SYMBOL_EXTENSIONS = YES;
				CLANG_ANALYZER_NONNULL = YES;
				CLANG_ANALYZER_NUMBER_OBJECT_CONVERSION = YES_AGGRESSIVE;
				CLANG_CXX_LANGUAGE_STANDARD = "gnu++20";
				CLANG_ENABLE_MODULES = YES;
				CLANG_ENABLE_OBJC_ARC = YES;
				CLANG_ENABLE_OBJC_WEAK = YES;
				CLANG_WARN_BLOCK_CAPTURE_AUTORELEASING = YES;
				CLANG_WARN_BOOL_CONVERSION = YES;
				CLANG_WARN_COMMA = YES;
				CLANG_WARN_CONSTANT_CONVERSION = YES;
				CLANG_WARN_DEPRECATED_OBJC_IMPLEMENTATIONS = YES;
				CLANG_WARN_DIRECT_OBJC_ISA_USAGE = YES_ERROR;
				CLANG_WARN_DOCUMENTATION_COMMENTS = YES;
				CLANG_WARN_EMPTY_BODY = YES;
				CLANG_WARN_ENUM_CONVERSION = YES;
				CLANG_WARN_INFINITE_RECURSION = YES;
				CLANG_WARN_INT_CONVERSION = YES;
				CLANG_WARN_NON_LITERAL_NULL_CONVERSION = YES;
				CLANG_WARN_OBJC_IMPLICIT_RETAIN_SELF = YES;
				CLANG_WARN_OBJC_LITERAL_CONVERSION = YES;
				CLANG_WARN_OBJC_ROOT_CLASS = YES_ERROR;
				CLANG_WARN_QUOTED_INCLUDE_IN_FRAMEWORK_HEADER = YES;
				CLANG_WARN_RANGE_LOOP_ANALYSIS = YES;
				CLANG_WARN_STRICT_PROTOTYPES = YES;
				CLANG_WARN_SUSPICIOUS_MOVE = YES;
				CLANG_WARN_UNGUARDED_AVAILABILITY = YES_AGGRESSIVE;
				CLANG_WARN_UNREACHABLE_CODE = YES;
				CLANG_WARN__DUPLICATE_METHOD_MATCH = YES;
				COPY_PHASE_STRIP = NO;
				DEBUG_INFORMATION_FORMAT = "dwarf-with-dsym";
				ENABLE_NS_ASSERTIONS = NO;
				ENABLE_STRICT_OBJC_MSGSEND = YES;
				ENABLE_USER_SCRIPT_SANDBOXING = YES;
				GCC_C_LANGUAGE_STANDARD = gnu17;
				GCC_NO_COMMON_BLOCKS = YES;
				GCC_WARN_64_TO_32_BIT_CONVERSION = YES;
				GCC_WARN_ABOUT_RETURN_TYPE = YES_ERROR;
				GCC_WARN_UNDECLARED_SELECTOR = YES;
				GCC_WARN_UNINITIALIZED_AUTOS = YES_AGGRESSIVE;
				GCC_WARN_UNUSED_FUNCTION = YES;
				GCC_WARN_UNUSED_VARIABLE = YES;
				IPHONEOS_DEPLOYMENT_TARGET = 17.4;
				LOCALIZATION_PREFERS_STRING_CATALOGS = YES;
				MTL_ENABLE_DEBUG_INFO = NO;
				MTL_FAST_MATH = YES;
				SDKROOT = iphoneos;
				SWIFT_COMPILATION_MODE = wholemodule;
				VALIDATE_PRODUCT = YES;
			};
			name = Release;
		};
		92B606992C1A0C1D00A73C1B /* Debug */ = {
			isa = XCBuildConfiguration;
			buildSettings = {
				ASSETCATALOG_COMPILER_APPICON_NAME = AppIcon;
				ASSETCATALOG_COMPILER_GLOBAL_ACCENT_COLOR_NAME = AccentColor;
				CODE_SIGN_STYLE = Automatic;
				CURRENT_PROJECT_VERSION = 1;
				DEVELOPMENT_ASSET_PATHS = "\"AirbnbTutorial/Preview Content\"";
				ENABLE_PREVIEWS = YES;
				GENERATE_INFOPLIST_FILE = YES;
				INFOPLIST_KEY_UIApplicationSceneManifest_Generation = YES;
				INFOPLIST_KEY_UIApplicationSupportsIndirectInputEvents = YES;
				INFOPLIST_KEY_UILaunchScreen_Generation = YES;
				INFOPLIST_KEY_UISupportedInterfaceOrientations_iPad = "UIInterfaceOrientationPortrait UIInterfaceOrientationPortraitUpsideDown UIInterfaceOrientationLandscapeLeft UIInterfaceOrientationLandscapeRight";
				INFOPLIST_KEY_UISupportedInterfaceOrientations_iPhone = "UIInterfaceOrientationPortrait UIInterfaceOrientationLandscapeLeft UIInterfaceOrientationLandscapeRight";
				LD_RUNPATH_SEARCH_PATHS = (
					"$(inherited)",
					"@executable_path/Frameworks",
				);
				MARKETING_VERSION = 1.0;
				PRODUCT_BUNDLE_IDENTIFIER = com.ricardo.AirbnbTutorial;
				PRODUCT_NAME = "$(TARGET_NAME)";
				SWIFT_EMIT_LOC_STRINGS = YES;
				SWIFT_VERSION = 5.0;
				TARGETED_DEVICE_FAMILY = "1,2";
			};
			name = Debug;
		};
		92B6069A2C1A0C1D00A73C1B /* Release */ = {
			isa = XCBuildConfiguration;
			buildSettings = {
				ASSETCATALOG_COMPILER_APPICON_NAME = AppIcon;
				ASSETCATALOG_COMPILER_GLOBAL_ACCENT_COLOR_NAME = AccentColor;
				CODE_SIGN_STYLE = Automatic;
				CURRENT_PROJECT_VERSION = 1;
				DEVELOPMENT_ASSET_PATHS = "\"AirbnbTutorial/Preview Content\"";
				ENABLE_PREVIEWS = YES;
				GENERATE_INFOPLIST_FILE = YES;
				INFOPLIST_KEY_UIApplicationSceneManifest_Generation = YES;
				INFOPLIST_KEY_UIApplicationSupportsIndirectInputEvents = YES;
				INFOPLIST_KEY_UILaunchScreen_Generation = YES;
				INFOPLIST_KEY_UISupportedInterfaceOrientations_iPad = "UIInterfaceOrientationPortrait UIInterfaceOrientationPortraitUpsideDown UIInterfaceOrientationLandscapeLeft UIInterfaceOrientationLandscapeRight";
				INFOPLIST_KEY_UISupportedInterfaceOrientations_iPhone = "UIInterfaceOrientationPortrait UIInterfaceOrientationLandscapeLeft UIInterfaceOrientationLandscapeRight";
				LD_RUNPATH_SEARCH_PATHS = (
					"$(inherited)",
					"@executable_path/Frameworks",
				);
				MARKETING_VERSION = 1.0;
				PRODUCT_BUNDLE_IDENTIFIER = com.ricardo.AirbnbTutorial;
				PRODUCT_NAME = "$(TARGET_NAME)";
				SWIFT_EMIT_LOC_STRINGS = YES;
				SWIFT_VERSION = 5.0;
				TARGETED_DEVICE_FAMILY = "1,2";
			};
			name = Release;
		};
/* End XCBuildConfiguration section */

/* Begin XCConfigurationList section */
		92B606852C1A0C1B00A73C1B /* Build configuration list for PBXProject "AirbnbTutorial" */ = {
			isa = XCConfigurationList;
			buildConfigurations = (
				92B606962C1A0C1D00A73C1B /* Debug */,
				92B606972C1A0C1D00A73C1B /* Release */,
			);
			defaultConfigurationIsVisible = 0;
			defaultConfigurationName = Release;
		};
		92B606982C1A0C1D00A73C1B /* Build configuration list for PBXNativeTarget "AirbnbTutorial" */ = {
			isa = XCConfigurationList;
			buildConfigurations = (
				92B606992C1A0C1D00A73C1B /* Debug */,
				92B6069A2C1A0C1D00A73C1B /* Release */,
			);
			defaultConfigurationIsVisible = 0;
			defaultConfigurationName = Release;
		};
/* End XCConfigurationList section */
	};
	rootObject = 92B606822C1A0C1B00A73C1B /* Project object */;
}
